
Microsoft Visual Studio Solution File, Format Version 12.00
# Visual Studio Version 17
VisualStudioVersion = 17.12.35521.163 d17.12
MinimumVisualStudioVersion = 10.0.40219.1
Project("{FAE04EC0-301F-11D3-BF4B-00C04F79EFBC}") = "TalentAquisition", "TalentAquisition\TalentAquisition.csproj", "{6CF2F276-61E3-4207-8CA4-46FAE4B7ACC7}"
EndProject
Project("{FAE04EC0-301F-11D3-BF4B-00C04F79EFBC}") = "TalentAquisition.Core", "TalentAquisition.Core\TalentAquisition.Core.csproj", "{D21B3EB8-BD82-4B31-814E-6E828C331E08}"
EndProject
Project("{FAE04EC0-301F-11D3-BF4B-00C04F79EFBC}") = "TalentAquisition.Infrastructure", "TalentAquisition.Infrastructure\TalentAquisition.Infrastructure.csproj", "{5C71AC5D-8094-471D-B994-7D2DACAE5834}"
EndProject
Global
	GlobalSection(SolutionConfigurationPlatforms) = preSolution
		Debug|Any CPU = Debug|Any CPU
		Release|Any CPU = Release|Any CPU
	EndGlobalSection
	GlobalSection(ProjectConfigurationPlatforms) = postSolution
		{6CF2F276-61E3-4207-8CA4-46FAE4B7ACC7}.Debug|Any CPU.ActiveCfg = Debug|Any CPU
		{6CF2F276-61E3-4207-8CA4-46FAE4B7ACC7}.Debug|Any CPU.Build.0 = Debug|Any CPU
		{6CF2F276-61E3-4207-8CA4-46FAE4B7ACC7}.Release|Any CPU.ActiveCfg = Release|Any CPU
		{6CF2F276-61E3-4207-8CA4-46FAE4B7ACC7}.Release|Any CPU.Build.0 = Release|Any CPU
		{D21B3EB8-BD82-4B31-814E-6E828C331E08}.Debug|Any CPU.ActiveCfg = Debug|Any CPU
		{D21B3EB8-BD82-4B31-814E-6E828C331E08}.Debug|Any CPU.Build.0 = Debug|Any CPU
		{D21B3EB8-BD82-4B31-814E-6E828C331E08}.Release|Any CPU.ActiveCfg = Release|Any CPU
		{D21B3EB8-BD82-4B31-814E-6E828C331E08}.Release|Any CPU.Build.0 = Release|Any CPU
		{5C71AC5D-8094-471D-B994-7D2DACAE5834}.Debug|Any CPU.ActiveCfg = Debug|Any CPU
		{5C71AC5D-8094-471D-B994-7D2DACAE5834}.Debug|Any CPU.Build.0 = Debug|Any CPU
		{5C71AC5D-8094-471D-B994-7D2DACAE5834}.Release|Any CPU.ActiveCfg = Release|Any CPU
		{5C71AC5D-8094-471D-B994-7D2DACAE5834}.Release|Any CPU.Build.0 = Release|Any CPU
	EndGlobalSection
	GlobalSection(SolutionProperties) = preSolution
		HideSolutionNode = FALSE
	EndGlobalSection
EndGlobal
